// !$*UTF8*$!
{
	archiveVersion = 1;
	classes = {
	};
	objectVersion = 56;
	objects = {

/* Begin PBXBuildFile section */
		DE255C1B29F40F53006A54DE /* AppIconPickerView.swift in Sources */ = {isa = PBXBuildFile; fileRef = DE255C1A29F40F53006A54DE /* AppIconPickerView.swift */; };
		DE255C1E29F4133E006A54DE /* ThemeModel.swift in Sources */ = {isa = PBXBuildFile; fileRef = DE255C1D29F4133E006A54DE /* ThemeModel.swift */; };
		DE255C2029F41394006A54DE /* ThemeData.swift in Sources */ = {isa = PBXBuildFile; fileRef = DE255C1F29F41394006A54DE /* ThemeData.swift */; };
		DE255C2229F4140F006A54DE /* ThemeSettings.swift in Sources */ = {isa = PBXBuildFile; fileRef = DE255C2129F4140F006A54DE /* ThemeSettings.swift */; };
		DE2C4B3329F2CB3A00D644C1 /* Launch Screen.storyboard in Resources */ = {isa = PBXBuildFile; fileRef = DE2C4B3229F2CB3A00D644C1 /* Launch Screen.storyboard */; };
		DE2C4B3629F2D4E800D644C1 /* EmptyListView.swift in Sources */ = {isa = PBXBuildFile; fileRef = DE2C4B3529F2D4E800D644C1 /* EmptyListView.swift */; };
		DE3C2BF829F2B14100C79977 /* ToDoSwiftUIApp.swift in Sources */ = {isa = PBXBuildFile; fileRef = DE3C2BF729F2B14100C79977 /* ToDoSwiftUIApp.swift */; };
		DE3C2BFA29F2B14100C79977 /* ContentView.swift in Sources */ = {isa = PBXBuildFile; fileRef = DE3C2BF929F2B14100C79977 /* ContentView.swift */; };
		DE3C2BFC29F2B14200C79977 /* Assets.xcassets in Resources */ = {isa = PBXBuildFile; fileRef = DE3C2BFB29F2B14200C79977 /* Assets.xcassets */; };
		DE3C2BFF29F2B14200C79977 /* Preview Assets.xcassets in Resources */ = {isa = PBXBuildFile; fileRef = DE3C2BFE29F2B14200C79977 /* Preview Assets.xcassets */; };
		DE3C2C0129F2B14200C79977 /* Persistence.swift in Sources */ = {isa = PBXBuildFile; fileRef = DE3C2C0029F2B14200C79977 /* Persistence.swift */; };
		DE3C2C0429F2B14200C79977 /* ToDoSwiftUI.xcdatamodeld in Sources */ = {isa = PBXBuildFile; fileRef = DE3C2C0229F2B14200C79977 /* ToDoSwiftUI.xcdatamodeld */; };
		DE3C2C0C29F2B17000C79977 /* AddToDoView.swift in Sources */ = {isa = PBXBuildFile; fileRef = DE3C2C0B29F2B17000C79977 /* AddToDoView.swift */; };
		DE95746129F2E3B400FF0285 /* SettingsView.swift in Sources */ = {isa = PBXBuildFile; fileRef = DE95746029F2E3B400FF0285 /* SettingsView.swift */; };
		DE95746329F2E58100FF0285 /* FormRowStaticView.swift in Sources */ = {isa = PBXBuildFile; fileRef = DE95746229F2E58100FF0285 /* FormRowStaticView.swift */; };
		DE95746529F2E89C00FF0285 /* FormRowLinkView.swift in Sources */ = {isa = PBXBuildFile; fileRef = DE95746429F2E89C00FF0285 /* FormRowLinkView.swift */; };
		DE95747129F405F000FF0285 /* Pink Dark.png in Resources */ = {isa = PBXBuildFile; fileRef = DE95746829F405F000FF0285 /* Pink Dark.png */; };
		DE95747229F405F000FF0285 /* Pink Light.png in Resources */ = {isa = PBXBuildFile; fileRef = DE95746929F405F000FF0285 /* Pink Light.png */; };
		DE95747329F405F000FF0285 /* Green Dark.png in Resources */ = {isa = PBXBuildFile; fileRef = DE95746A29F405F000FF0285 /* Green Dark.png */; };
		DE95747429F405F000FF0285 /* Pink.png in Resources */ = {isa = PBXBuildFile; fileRef = DE95746B29F405F000FF0285 /* Pink.png */; };
		DE95747529F405F000FF0285 /* Blue.png in Resources */ = {isa = PBXBuildFile; fileRef = DE95746C29F405F000FF0285 /* Blue.png */; };
		DE95747629F405F000FF0285 /* Green Light.png in Resources */ = {isa = PBXBuildFile; fileRef = DE95746D29F405F000FF0285 /* Green Light.png */; };
		DE95747729F405F000FF0285 /* Blue Light.png in Resources */ = {isa = PBXBuildFile; fileRef = DE95746E29F405F000FF0285 /* Blue Light.png */; };
		DE95747829F405F000FF0285 /* Green.png in Resources */ = {isa = PBXBuildFile; fileRef = DE95746F29F405F000FF0285 /* Green.png */; };
		DE95747929F405F000FF0285 /* Blue Dark.png in Resources */ = {isa = PBXBuildFile; fileRef = DE95747029F405F000FF0285 /* Blue Dark.png */; };
/* End PBXBuildFile section */

/* Begin PBXFileReference section */
		DE255C1A29F40F53006A54DE /* AppIconPickerView.swift */ = {isa = PBXFileReference; lastKnownFileType = sourcecode.swift; path = AppIconPickerView.swift; sourceTree = "<group>"; };
		DE255C1D29F4133E006A54DE /* ThemeModel.swift */ = {isa = PBXFileReference; lastKnownFileType = sourcecode.swift; path = ThemeModel.swift; sourceTree = "<group>"; };
		DE255C1F29F41394006A54DE /* ThemeData.swift */ = {isa = PBXFileReference; lastKnownFileType = sourcecode.swift; path = ThemeData.swift; sourceTree = "<group>"; };
		DE255C2129F4140F006A54DE /* ThemeSettings.swift */ = {isa = PBXFileReference; lastKnownFileType = sourcecode.swift; path = ThemeSettings.swift; sourceTree = "<group>"; };
		DE2C4B3229F2CB3A00D644C1 /* Launch Screen.storyboard */ = {isa = PBXFileReference; lastKnownFileType = file.storyboard; path = "Launch Screen.storyboard"; sourceTree = "<group>"; };
		DE2C4B3529F2D4E800D644C1 /* EmptyListView.swift */ = {isa = PBXFileReference; lastKnownFileType = sourcecode.swift; path = EmptyListView.swift; sourceTree = "<group>"; };
		DE3C2BF429F2B14100C79977 /* ToDoSwiftUI.app */ = {isa = PBXFileReference; explicitFileType = wrapper.application; includeInIndex = 0; path = ToDoSwiftUI.app; sourceTree = BUILT_PRODUCTS_DIR; };
		DE3C2BF729F2B14100C79977 /* ToDoSwiftUIApp.swift */ = {isa = PBXFileReference; lastKnownFileType = sourcecode.swift; path = ToDoSwiftUIApp.swift; sourceTree = "<group>"; };
		DE3C2BF929F2B14100C79977 /* ContentView.swift */ = {isa = PBXFileReference; lastKnownFileType = sourcecode.swift; path = ContentView.swift; sourceTree = "<group>"; };
		DE3C2BFB29F2B14200C79977 /* Assets.xcassets */ = {isa = PBXFileReference; lastKnownFileType = folder.assetcatalog; path = Assets.xcassets; sourceTree = "<group>"; };
		DE3C2BFE29F2B14200C79977 /* Preview Assets.xcassets */ = {isa = PBXFileReference; lastKnownFileType = folder.assetcatalog; path = "Preview Assets.xcassets"; sourceTree = "<group>"; };
		DE3C2C0029F2B14200C79977 /* Persistence.swift */ = {isa = PBXFileReference; lastKnownFileType = sourcecode.swift; path = Persistence.swift; sourceTree = "<group>"; };
		DE3C2C0329F2B14200C79977 /* ToDoSwiftUI.xcdatamodel */ = {isa = PBXFileReference; lastKnownFileType = wrapper.xcdatamodel; path = ToDoSwiftUI.xcdatamodel; sourceTree = "<group>"; };
		DE3C2C0B29F2B17000C79977 /* AddToDoView.swift */ = {isa = PBXFileReference; lastKnownFileType = sourcecode.swift; path = AddToDoView.swift; sourceTree = "<group>"; };
		DE95746029F2E3B400FF0285 /* SettingsView.swift */ = {isa = PBXFileReference; lastKnownFileType = sourcecode.swift; path = SettingsView.swift; sourceTree = "<group>"; };
		DE95746229F2E58100FF0285 /* FormRowStaticView.swift */ = {isa = PBXFileReference; lastKnownFileType = sourcecode.swift; path = FormRowStaticView.swift; sourceTree = "<group>"; };
		DE95746429F2E89C00FF0285 /* FormRowLinkView.swift */ = {isa = PBXFileReference; lastKnownFileType = sourcecode.swift; path = FormRowLinkView.swift; sourceTree = "<group>"; };
		DE95746629F3F42100FF0285 /* Info.plist */ = {isa = PBXFileReference; lastKnownFileType = text.plist; path = Info.plist; sourceTree = "<group>"; };
		DE95746829F405F000FF0285 /* Pink Dark.png */ = {isa = PBXFileReference; lastKnownFileType = image.png; path = "Pink Dark.png"; sourceTree = "<group>"; };
		DE95746929F405F000FF0285 /* Pink Light.png */ = {isa = PBXFileReference; lastKnownFileType = image.png; path = "Pink Light.png"; sourceTree = "<group>"; };
		DE95746A29F405F000FF0285 /* Green Dark.png */ = {isa = PBXFileReference; lastKnownFileType = image.png; path = "Green Dark.png"; sourceTree = "<group>"; };
		DE95746B29F405F000FF0285 /* Pink.png */ = {isa = PBXFileReference; lastKnownFileType = image.png; path = Pink.png; sourceTree = "<group>"; };
		DE95746C29F405F000FF0285 /* Blue.png */ = {isa = PBXFileReference; lastKnownFileType = image.png; path = Blue.png; sourceTree = "<group>"; };
		DE95746D29F405F000FF0285 /* Green Light.png */ = {isa = PBXFileReference; lastKnownFileType = image.png; path = "Green Light.png"; sourceTree = "<group>"; };
		DE95746E29F405F000FF0285 /* Blue Light.png */ = {isa = PBXFileReference; lastKnownFileType = image.png; path = "Blue Light.png"; sourceTree = "<group>"; };
		DE95746F29F405F000FF0285 /* Green.png */ = {isa = PBXFileReference; lastKnownFileType = image.png; path = Green.png; sourceTree = "<group>"; };
		DE95747029F405F000FF0285 /* Blue Dark.png */ = {isa = PBXFileReference; lastKnownFileType = image.png; path = "Blue Dark.png"; sourceTree = "<group>"; };
/* End PBXFileReference section */

/* Begin PBXFrameworksBuildPhase section */
		DE3C2BF129F2B14100C79977 /* Frameworks */ = {
			isa = PBXFrameworksBuildPhase;
			buildActionMask = 2147483647;
			files = (
			);
			runOnlyForDeploymentPostprocessing = 0;
		};
/* End PBXFrameworksBuildPhase section */

/* Begin PBXGroup section */
		DE255C1C29F41333006A54DE /* Theme */ = {
			isa = PBXGroup;
			children = (
				DE255C1D29F4133E006A54DE /* ThemeModel.swift */,
				DE255C1F29F41394006A54DE /* ThemeData.swift */,
				DE255C2129F4140F006A54DE /* ThemeSettings.swift */,
			);
			path = Theme;
			sourceTree = "<group>";
		};
		DE2C4B3429F2CB4600D644C1 /* Helpers */ = {
			isa = PBXGroup;
			children = (
				DE3C2C0029F2B14200C79977 /* Persistence.swift */,
			);
			path = Helpers;
			sourceTree = "<group>";
		};
		DE3C2BEB29F2B14100C79977 = {
			isa = PBXGroup;
			children = (
				DE3C2BF629F2B14100C79977 /* ToDoSwiftUI */,
				DE3C2BF529F2B14100C79977 /* Products */,
			);
			sourceTree = "<group>";
		};
		DE3C2BF529F2B14100C79977 /* Products */ = {
			isa = PBXGroup;
			children = (
				DE3C2BF429F2B14100C79977 /* ToDoSwiftUI.app */,
			);
			name = Products;
			sourceTree = "<group>";
		};
		DE3C2BF629F2B14100C79977 /* ToDoSwiftUI */ = {
			isa = PBXGroup;
			children = (
				DE255C1C29F41333006A54DE /* Theme */,
				DE3C2C0A29F2B16000C79977 /* View */,
				DE2C4B3429F2CB4600D644C1 /* Helpers */,
				DE95746729F405F000FF0285 /* Icons */,
				DE3C2BF729F2B14100C79977 /* ToDoSwiftUIApp.swift */,
				DE2C4B3229F2CB3A00D644C1 /* Launch Screen.storyboard */,
				DE95746629F3F42100FF0285 /* Info.plist */,
				DE3C2BFB29F2B14200C79977 /* Assets.xcassets */,
				DE3C2C0229F2B14200C79977 /* ToDoSwiftUI.xcdatamodeld */,
				DE3C2BFD29F2B14200C79977 /* Preview Content */,
			);
			path = ToDoSwiftUI;
			sourceTree = "<group>";
		};
		DE3C2BFD29F2B14200C79977 /* Preview Content */ = {
			isa = PBXGroup;
			children = (
				DE3C2BFE29F2B14200C79977 /* Preview Assets.xcassets */,
			);
			path = "Preview Content";
			sourceTree = "<group>";
		};
		DE3C2C0A29F2B16000C79977 /* View */ = {
			isa = PBXGroup;
			children = (
				DE3C2BF929F2B14100C79977 /* ContentView.swift */,
				DE3C2C0B29F2B17000C79977 /* AddToDoView.swift */,
				DE2C4B3529F2D4E800D644C1 /* EmptyListView.swift */,
				DE95746029F2E3B400FF0285 /* SettingsView.swift */,
				DE95746229F2E58100FF0285 /* FormRowStaticView.swift */,
				DE95746429F2E89C00FF0285 /* FormRowLinkView.swift */,
				DE255C1A29F40F53006A54DE /* AppIconPickerView.swift */,
			);
			path = View;
			sourceTree = "<group>";
		};
		DE95746729F405F000FF0285 /* Icons */ = {
			isa = PBXGroup;
			children = (
				DE95746829F405F000FF0285 /* Pink Dark.png */,
				DE95746929F405F000FF0285 /* Pink Light.png */,
				DE95746A29F405F000FF0285 /* Green Dark.png */,
				DE95746B29F405F000FF0285 /* Pink.png */,
				DE95746C29F405F000FF0285 /* Blue.png */,
				DE95746D29F405F000FF0285 /* Green Light.png */,
				DE95746E29F405F000FF0285 /* Blue Light.png */,
				DE95746F29F405F000FF0285 /* Green.png */,
				DE95747029F405F000FF0285 /* Blue Dark.png */,
			);
			path = Icons;
			sourceTree = "<group>";
		};
/* End PBXGroup section */

/* Begin PBXNativeTarget section */
		DE3C2BF329F2B14100C79977 /* ToDoSwiftUI */ = {
			isa = PBXNativeTarget;
			buildConfigurationList = DE3C2C0729F2B14200C79977 /* Build configuration list for PBXNativeTarget "ToDoSwiftUI" */;
			buildPhases = (
				DE3C2BF029F2B14100C79977 /* Sources */,
				DE3C2BF129F2B14100C79977 /* Frameworks */,
				DE3C2BF229F2B14100C79977 /* Resources */,
			);
			buildRules = (
			);
			dependencies = (
			);
			name = ToDoSwiftUI;
			productName = ToDoSwiftUI;
			productReference = DE3C2BF429F2B14100C79977 /* ToDoSwiftUI.app */;
			productType = "com.apple.product-type.application";
		};
/* End PBXNativeTarget section */

/* Begin PBXProject section */
		DE3C2BEC29F2B14100C79977 /* Project object */ = {
			isa = PBXProject;
			attributes = {
				BuildIndependentTargetsInParallel = 1;
				LastSwiftUpdateCheck = 1430;
				LastUpgradeCheck = 1430;
				TargetAttributes = {
					DE3C2BF329F2B14100C79977 = {
						CreatedOnToolsVersion = 14.3;
					};
				};
			};
			buildConfigurationList = DE3C2BEF29F2B14100C79977 /* Build configuration list for PBXProject "ToDoSwiftUI" */;
			compatibilityVersion = "Xcode 14.0";
			developmentRegion = en;
			hasScannedForEncodings = 0;
			knownRegions = (
				en,
				Base,
			);
			mainGroup = DE3C2BEB29F2B14100C79977;
			productRefGroup = DE3C2BF529F2B14100C79977 /* Products */;
			projectDirPath = "";
			projectRoot = "";
			targets = (
				DE3C2BF329F2B14100C79977 /* ToDoSwiftUI */,
			);
		};
/* End PBXProject section */

/* Begin PBXResourcesBuildPhase section */
		DE3C2BF229F2B14100C79977 /* Resources */ = {
			isa = PBXResourcesBuildPhase;
			buildActionMask = 2147483647;
			files = (
				DE95747629F405F000FF0285 /* Green Light.png in Resources */,
				DE95747329F405F000FF0285 /* Green Dark.png in Resources */,
				DE95747129F405F000FF0285 /* Pink Dark.png in Resources */,
				DE95747829F405F000FF0285 /* Green.png in Resources */,
				DE95747729F405F000FF0285 /* Blue Light.png in Resources */,
				DE2C4B3329F2CB3A00D644C1 /* Launch Screen.storyboard in Resources */,
				DE95747929F405F000FF0285 /* Blue Dark.png in Resources */,
				DE95747529F405F000FF0285 /* Blue.png in Resources */,
				DE95747229F405F000FF0285 /* Pink Light.png in Resources */,
				DE3C2BFF29F2B14200C79977 /* Preview Assets.xcassets in Resources */,
				DE3C2BFC29F2B14200C79977 /* Assets.xcassets in Resources */,
				DE95747429F405F000FF0285 /* Pink.png in Resources */,
			);
			runOnlyForDeploymentPostprocessing = 0;
		};
/* End PBXResourcesBuildPhase section */

/* Begin PBXSourcesBuildPhase section */
		DE3C2BF029F2B14100C79977 /* Sources */ = {
			isa = PBXSourcesBuildPhase;
			buildActionMask = 2147483647;
			files = (
				DE95746129F2E3B400FF0285 /* SettingsView.swift in Sources */,
				DE255C2229F4140F006A54DE /* ThemeSettings.swift in Sources */,
				DE95746329F2E58100FF0285 /* FormRowStaticView.swift in Sources */,
				DE95746529F2E89C00FF0285 /* FormRowLinkView.swift in Sources */,
				DE255C2029F41394006A54DE /* ThemeData.swift in Sources */,
				DE255C1E29F4133E006A54DE /* ThemeModel.swift in Sources */,
				DE3C2C0129F2B14200C79977 /* Persistence.swift in Sources */,
				DE3C2C0C29F2B17000C79977 /* AddToDoView.swift in Sources */,
				DE2C4B3629F2D4E800D644C1 /* EmptyListView.swift in Sources */,
				DE3C2C0429F2B14200C79977 /* ToDoSwiftUI.xcdatamodeld in Sources */,
				DE3C2BFA29F2B14100C79977 /* ContentView.swift in Sources */,
				DE3C2BF829F2B14100C79977 /* ToDoSwiftUIApp.swift in Sources */,
				DE255C1B29F40F53006A54DE /* AppIconPickerView.swift in Sources */,
			);
			runOnlyForDeploymentPostprocessing = 0;
		};
/* End PBXSourcesBuildPhase section */

/* Begin XCBuildConfiguration section */
		DE3C2C0529F2B14200C79977 /* Debug */ = {
			isa = XCBuildConfiguration;
			buildSettings = {
				ALWAYS_SEARCH_USER_PATHS = NO;
				CLANG_ANALYZER_NONNULL = YES;
				CLANG_ANALYZER_NUMBER_OBJECT_CONVERSION = YES_AGGRESSIVE;
				CLANG_CXX_LANGUAGE_STANDARD = "gnu++20";
				CLANG_ENABLE_MODULES = YES;
				CLANG_ENABLE_OBJC_ARC = YES;
				CLANG_ENABLE_OBJC_WEAK = YES;
				CLANG_WARN_BLOCK_CAPTURE_AUTORELEASING = YES;
				CLANG_WARN_BOOL_CONVERSION = YES;
				CLANG_WARN_COMMA = YES;
				CLANG_WARN_CONSTANT_CONVERSION = YES;
				CLANG_WARN_DEPRECATED_OBJC_IMPLEMENTATIONS = YES;
				CLANG_WARN_DIRECT_OBJC_ISA_USAGE = YES_ERROR;
				CLANG_WARN_DOCUMENTATION_COMMENTS = YES;
				CLANG_WARN_EMPTY_BODY = YES;
				CLANG_WARN_ENUM_CONVERSION = YES;
				CLANG_WARN_INFINITE_RECURSION = YES;
				CLANG_WARN_INT_CONVERSION = YES;
				CLANG_WARN_NON_LITERAL_NULL_CONVERSION = YES;
				CLANG_WARN_OBJC_IMPLICIT_RETAIN_SELF = YES;
				CLANG_WARN_OBJC_LITERAL_CONVERSION = YES;
				CLANG_WARN_OBJC_ROOT_CLASS = YES_ERROR;
				CLANG_WARN_QUOTED_INCLUDE_IN_FRAMEWORK_HEADER = YES;
				CLANG_WARN_RANGE_LOOP_ANALYSIS = YES;
				CLANG_WARN_STRICT_PROTOTYPES = YES;
				CLANG_WARN_SUSPICIOUS_MOVE = YES;
				CLANG_WARN_UNGUARDED_AVAILABILITY = YES_AGGRESSIVE;
				CLANG_WARN_UNREACHABLE_CODE = YES;
				CLANG_WARN__DUPLICATE_METHOD_MATCH = YES;
				COPY_PHASE_STRIP = NO;
				DEBUG_INFORMATION_FORMAT = dwarf;
				ENABLE_STRICT_OBJC_MSGSEND = YES;
				ENABLE_TESTABILITY = YES;
				GCC_C_LANGUAGE_STANDARD = gnu11;
				GCC_DYNAMIC_NO_PIC = NO;
				GCC_NO_COMMON_BLOCKS = YES;
				GCC_OPTIMIZATION_LEVEL = 0;
				GCC_PREPROCESSOR_DEFINITIONS = (
					"DEBUG=1",
					"$(inherited)",
				);
				GCC_WARN_64_TO_32_BIT_CONVERSION = YES;
				GCC_WARN_ABOUT_RETURN_TYPE = YES_ERROR;
				GCC_WARN_UNDECLARED_SELECTOR = YES;
				GCC_WARN_UNINITIALIZED_AUTOS = YES_AGGRESSIVE;
				GCC_WARN_UNUSED_FUNCTION = YES;
				GCC_WARN_UNUSED_VARIABLE = YES;
				IPHONEOS_DEPLOYMENT_TARGET = 16.4;
				MTL_ENABLE_DEBUG_INFO = INCLUDE_SOURCE;
				MTL_FAST_MATH = YES;
				ONLY_ACTIVE_ARCH = YES;
				SDKROOT = iphoneos;
				SWIFT_ACTIVE_COMPILATION_CONDITIONS = DEBUG;
				SWIFT_OPTIMIZATION_LEVEL = "-Onone";
			};
			name = Debug;
		};
		DE3C2C0629F2B14200C79977 /* Release */ = {
			isa = XCBuildConfiguration;
			buildSettings = {
				ALWAYS_SEARCH_USER_PATHS = NO;
				CLANG_ANALYZER_NONNULL = YES;
				CLANG_ANALYZER_NUMBER_OBJECT_CONVERSION = YES_AGGRESSIVE;
				CLANG_CXX_LANGUAGE_STANDARD = "gnu++20";
				CLANG_ENABLE_MODULES = YES;
				CLANG_ENABLE_OBJC_ARC = YES;
				CLANG_ENABLE_OBJC_WEAK = YES;
				CLANG_WARN_BLOCK_CAPTURE_AUTORELEASING = YES;
				CLANG_WARN_BOOL_CONVERSION = YES;
				CLANG_WARN_COMMA = YES;
				CLANG_WARN_CONSTANT_CONVERSION = YES;
				CLANG_WARN_DEPRECATED_OBJC_IMPLEMENTATIONS = YES;
				CLANG_WARN_DIRECT_OBJC_ISA_USAGE = YES_ERROR;
				CLANG_WARN_DOCUMENTATION_COMMENTS = YES;
				CLANG_WARN_EMPTY_BODY = YES;
				CLANG_WARN_ENUM_CONVERSION = YES;
				CLANG_WARN_INFINITE_RECURSION = YES;
				CLANG_WARN_INT_CONVERSION = YES;
				CLANG_WARN_NON_LITERAL_NULL_CONVERSION = YES;
				CLANG_WARN_OBJC_IMPLICIT_RETAIN_SELF = YES;
				CLANG_WARN_OBJC_LITERAL_CONVERSION = YES;
				CLANG_WARN_OBJC_ROOT_CLASS = YES_ERROR;
				CLANG_WARN_QUOTED_INCLUDE_IN_FRAMEWORK_HEADER = YES;
				CLANG_WARN_RANGE_LOOP_ANALYSIS = YES;
				CLANG_WARN_STRICT_PROTOTYPES = YES;
				CLANG_WARN_SUSPICIOUS_MOVE = YES;
				CLANG_WARN_UNGUARDED_AVAILABILITY = YES_AGGRESSIVE;
				CLANG_WARN_UNREACHABLE_CODE = YES;
				CLANG_WARN__DUPLICATE_METHOD_MATCH = YES;
				COPY_PHASE_STRIP = NO;
				DEBUG_INFORMATION_FORMAT = "dwarf-with-dsym";
				ENABLE_NS_ASSERTIONS = NO;
				ENABLE_STRICT_OBJC_MSGSEND = YES;
				GCC_C_LANGUAGE_STANDARD = gnu11;
				GCC_NO_COMMON_BLOCKS = YES;
				GCC_WARN_64_TO_32_BIT_CONVERSION = YES;
				GCC_WARN_ABOUT_RETURN_TYPE = YES_ERROR;
				GCC_WARN_UNDECLARED_SELECTOR = YES;
				GCC_WARN_UNINITIALIZED_AUTOS = YES_AGGRESSIVE;
				GCC_WARN_UNUSED_FUNCTION = YES;
				GCC_WARN_UNUSED_VARIABLE = YES;
				IPHONEOS_DEPLOYMENT_TARGET = 16.4;
				MTL_ENABLE_DEBUG_INFO = NO;
				MTL_FAST_MATH = YES;
				SDKROOT = iphoneos;
				SWIFT_COMPILATION_MODE = wholemodule;
				SWIFT_OPTIMIZATION_LEVEL = "-O";
				VALIDATE_PRODUCT = YES;
			};
			name = Release;
		};
		DE3C2C0829F2B14200C79977 /* Debug */ = {
			isa = XCBuildConfiguration;
			buildSettings = {
				ASSETCATALOG_COMPILER_APPICON_NAME = AppIcon;
				ASSETCATALOG_COMPILER_GLOBAL_ACCENT_COLOR_NAME = AccentColor;
				CODE_SIGN_STYLE = Automatic;
				CURRENT_PROJECT_VERSION = 1;
				DEVELOPMENT_ASSET_PATHS = "\"ToDoSwiftUI/Preview Content\"";
				ENABLE_PREVIEWS = YES;
				GENERATE_INFOPLIST_FILE = YES;
				INFOPLIST_FILE = ToDoSwiftUI/Info.plist;
				INFOPLIST_KEY_CFBundleDisplayName = ToDo;
				INFOPLIST_KEY_LSApplicationCategoryType = "public.app-category.productivity";
				INFOPLIST_KEY_UIApplicationSceneManifest_Generation = YES;
				INFOPLIST_KEY_UIApplicationSupportsIndirectInputEvents = YES;
				INFOPLIST_KEY_UILaunchScreen_Generation = YES;
				INFOPLIST_KEY_UILaunchStoryboardName = "Launch Screen.storyboard";
				INFOPLIST_KEY_UISupportedInterfaceOrientations = UIInterfaceOrientationPortrait;
				LD_RUNPATH_SEARCH_PATHS = (
					"$(inherited)",
					"@executable_path/Frameworks",
				);
				MARKETING_VERSION = 1.0;
				PRODUCT_BUNDLE_IDENTIFIER = com.company.ToDoSwiftUI;
				PRODUCT_NAME = "$(TARGET_NAME)";
				SUPPORTED_PLATFORMS = "iphoneos iphonesimulator";
				SUPPORTS_MACCATALYST = NO;
				SUPPORTS_MAC_DESIGNED_FOR_IPHONE_IPAD = NO;
				SWIFT_EMIT_LOC_STRINGS = YES;
				SWIFT_VERSION = 5.0;
				TARGETED_DEVICE_FAMILY = "1,2";
			};
			name = Debug;
		};
		DE3C2C0929F2B14200C79977 /* Release */ = {
			isa = XCBuildConfiguration;
			buildSettings = {
				ASSETCATALOG_COMPILER_APPICON_NAME = AppIcon;
				ASSETCATALOG_COMPILER_GLOBAL_ACCENT_COLOR_NAME = AccentColor;
				CODE_SIGN_STYLE = Automatic;
				CURRENT_PROJECT_VERSION = 1;
				DEVELOPMENT_ASSET_PATHS = "\"ToDoSwiftUI/Preview Content\"";
				ENABLE_PREVIEWS = YES;
				GENERATE_INFOPLIST_FILE = YES;
				INFOPLIST_FILE = ToDoSwiftUI/Info.plist;
				INFOPLIST_KEY_CFBundleDisplayName = ToDo;
				INFOPLIST_KEY_LSApplicationCategoryType = "public.app-category.productivity";
				INFOPLIST_KEY_UIApplicationSceneManifest_Generation = YES;
				INFOPLIST_KEY_UIApplicationSupportsIndirectInputEvents = YES;
				INFOPLIST_KEY_UILaunchScreen_Generation = YES;
				INFOPLIST_KEY_UILaunchStoryboardName = "Launch Screen.storyboard";
				INFOPLIST_KEY_UISupportedInterfaceOrientations = UIInterfaceOrientationPortrait;
				LD_RUNPATH_SEARCH_PATHS = (
					"$(inherited)",
					"@executable_path/Frameworks",
				);
				MARKETING_VERSION = 1.0;
				PRODUCT_BUNDLE_IDENTIFIER = com.company.ToDoSwiftUI;
				PRODUCT_NAME = "$(TARGET_NAME)";
				SUPPORTED_PLATFORMS = "iphoneos iphonesimulator";
				SUPPORTS_MACCATALYST = NO;
				SUPPORTS_MAC_DESIGNED_FOR_IPHONE_IPAD = NO;
				SWIFT_EMIT_LOC_STRINGS = YES;
				SWIFT_VERSION = 5.0;
				TARGETED_DEVICE_FAMILY = "1,2";
			};
			name = Release;
		};
/* End XCBuildConfiguration section */

/* Begin XCConfigurationList section */
		DE3C2BEF29F2B14100C79977 /* Build configuration list for PBXProject "ToDoSwiftUI" */ = {
			isa = XCConfigurationList;
			buildConfigurations = (
				DE3C2C0529F2B14200C79977 /* Debug */,
				DE3C2C0629F2B14200C79977 /* Release */,
			);
			defaultConfigurationIsVisible = 0;
			defaultConfigurationName = Release;
		};
		DE3C2C0729F2B14200C79977 /* Build configuration list for PBXNativeTarget "ToDoSwiftUI" */ = {
			isa = XCConfigurationList;
			buildConfigurations = (
				DE3C2C0829F2B14200C79977 /* Debug */,
				DE3C2C0929F2B14200C79977 /* Release */,
			);
			defaultConfigurationIsVisible = 0;
			defaultConfigurationName = Release;
		};
/* End XCConfigurationList section */

/* Begin XCVersionGroup section */
		DE3C2C0229F2B14200C79977 /* ToDoSwiftUI.xcdatamodeld */ = {
			isa = XCVersionGroup;
			children = (
				DE3C2C0329F2B14200C79977 /* ToDoSwiftUI.xcdatamodel */,
			);
			currentVersion = DE3C2C0329F2B14200C79977 /* ToDoSwiftUI.xcdatamodel */;
			path = ToDoSwiftUI.xcdatamodeld;
			sourceTree = "<group>";
			versionGroupType = wrapper.xcdatamodel;
		};
/* End XCVersionGroup section */
	};
	rootObject = DE3C2BEC29F2B14100C79977 /* Project object */;
}
